
Microsoft Visual Studio Solution File, Format Version 12.00
# Visual Studio 14
VisualStudioVersion = 14.0.22310.1
MinimumVisualStudioVersion = 10.0.40219.1
Project("{2150E333-8FDC-42A3-9474-1A3956D46DE8}") = "Engine", "Engine", "{909588E2-46A2-45D2-8482-42BDA499C564}"
EndProject
Project("{2150E333-8FDC-42A3-9474-1A3956D46DE8}") = "Games", "Games", "{891F5580-6CFF-4B9F-BC6F-4DAB2593299E}"
EndProject
Project("{8BC9CEB8-8B4A-11D0-8D11-00A0C91BC942}") = "UE4", "Intermediate\ProjectFiles\UE4.vcxproj", "{F34B9660-A433-4DB6-A5F3-C8F5C2FFA406}"
EndProject
Project("{8BC9CEB8-8B4A-11D0-8D11-00A0C91BC942}") = "DungeonEscape", "Intermediate\ProjectFiles\DungeonEscape.vcxproj", "{0C749BD8-7991-47B9-AC57-46371C0241AF}"
EndProject
Global
	GlobalSection(SolutionConfigurationPlatforms) = preSolution
		DebugGame Editor|HTML5 = DebugGame Editor|HTML5
		DebugGame Editor|Win32 = DebugGame Editor|Win32
		DebugGame Editor|Win64 = DebugGame Editor|Win64
		DebugGame|HTML5 = DebugGame|HTML5
		DebugGame|Win32 = DebugGame|Win32
		DebugGame|Win64 = DebugGame|Win64
		Development Editor|HTML5 = Development Editor|HTML5
		Development Editor|Win32 = Development Editor|Win32
		Development Editor|Win64 = Development Editor|Win64
		Development|HTML5 = Development|HTML5
		Development|Win32 = Development|Win32
		Development|Win64 = Development|Win64
		Shipping|HTML5 = Shipping|HTML5
		Shipping|Win32 = Shipping|Win32
		Shipping|Win64 = Shipping|Win64
	EndGlobalSection
	GlobalSection(ProjectConfigurationPlatforms) = postSolution
		{0C749BD8-7991-47B9-AC57-46371C0241AF}.DebugGame Editor|HTML5.ActiveCfg = HTML5_DebugGame_Editor|Win32
		{0C749BD8-7991-47B9-AC57-46371C0241AF}.DebugGame Editor|Win32.ActiveCfg = DebugGame_Editor|Win32
		{0C749BD8-7991-47B9-AC57-46371C0241AF}.DebugGame Editor|Win64.ActiveCfg = DebugGame_Editor|x64
		{0C749BD8-7991-47B9-AC57-46371C0241AF}.DebugGame Editor|Win64.Build.0 = DebugGame_Editor|x64
		{0C749BD8-7991-47B9-AC57-46371C0241AF}.DebugGame|HTML5.ActiveCfg = HTML5_DebugGame_Game|Win32
		{0C749BD8-7991-47B9-AC57-46371C0241AF}.DebugGame|HTML5.Build.0 = HTML5_DebugGame_Game|Win32
		{0C749BD8-7991-47B9-AC57-46371C0241AF}.DebugGame|Win32.ActiveCfg = DebugGame_Game|Win32
		{0C749BD8-7991-47B9-AC57-46371C0241AF}.DebugGame|Win32.Build.0 = DebugGame_Game|Win32
		{0C749BD8-7991-47B9-AC57-46371C0241AF}.DebugGame|Win64.ActiveCfg = DebugGame_Game|x64
		{0C749BD8-7991-47B9-AC57-46371C0241AF}.DebugGame|Win64.Build.0 = DebugGame_Game|x64
		{0C749BD8-7991-47B9-AC57-46371C0241AF}.Development Editor|HTML5.ActiveCfg = HTML5_Development_Editor|Win32
		{0C749BD8-7991-47B9-AC57-46371C0241AF}.Development Editor|Win32.ActiveCfg = Development_Editor|Win32
		{0C749BD8-7991-47B9-AC57-46371C0241AF}.Development Editor|Win64.ActiveCfg = Development_Editor|x64
		{0C749BD8-7991-47B9-AC57-46371C0241AF}.Development Editor|Win64.Build.0 = Development_Editor|x64
		{0C749BD8-7991-47B9-AC57-46371C0241AF}.Development|HTML5.ActiveCfg = HTML5_Development_Game|Win32
		{0C749BD8-7991-47B9-AC57-46371C0241AF}.Development|HTML5.Build.0 = HTML5_Development_Game|Win32
		{0C749BD8-7991-47B9-AC57-46371C0241AF}.Development|Win32.ActiveCfg = Development_Game|Win32
		{0C749BD8-7991-47B9-AC57-46371C0241AF}.Development|Win32.Build.0 = Development_Game|Win32
		{0C749BD8-7991-47B9-AC57-46371C0241AF}.Development|Win64.ActiveCfg = Development_Game|x64
		{0C749BD8-7991-47B9-AC57-46371C0241AF}.Development|Win64.Build.0 = Development_Game|x64
		{0C749BD8-7991-47B9-AC57-46371C0241AF}.Shipping|HTML5.ActiveCfg = HTML5_Shipping_Game|Win32
		{0C749BD8-7991-47B9-AC57-46371C0241AF}.Shipping|HTML5.Build.0 = HTML5_Shipping_Game|Win32
		{0C749BD8-7991-47B9-AC57-46371C0241AF}.Shipping|Win32.ActiveCfg = Shipping_Game|Win32
		{0C749BD8-7991-47B9-AC57-46371C0241AF}.Shipping|Win32.Build.0 = Shipping_Game|Win32
		{0C749BD8-7991-47B9-AC57-46371C0241AF}.Shipping|Win64.ActiveCfg = Shipping_Game|x64
		{0C749BD8-7991-47B9-AC57-46371C0241AF}.Shipping|Win64.Build.0 = Shipping_Game|x64
	EndGlobalSection
	GlobalSection(SolutionProperties) = preSolution
		HideSolutionNode = FALSE
	EndGlobalSection
	GlobalSection(NestedProjects) = preSolution
		{F34B9660-A433-4DB6-A5F3-C8F5C2FFA406} = {909588E2-46A2-45D2-8482-42BDA499C564}
		{0C749BD8-7991-47B9-AC57-46371C0241AF} = {891F5580-6CFF-4B9F-BC6F-4DAB2593299E}
	EndGlobalSection
EndGlobal
